# THIS IS AN AUTOGENERATED FILE. DO NOT EDIT THIS FILE DIRECTLY.
# yarn lockfile v1


"@angular/core@^4.3.4":
  version "4.3.6"
  resolved "https://registry.yarnpkg.com/@angular/core/-/core-4.3.6.tgz#bbac63d68d0f7bcb389d12b34208652be3287e96"
  dependencies:
    tslib "^1.7.1"

"@angular/http@^4.3.4":
  version "4.3.6"
  resolved "https://registry.yarnpkg.com/@angular/http/-/http-4.3.6.tgz#563827d1a7d5e89e3b7d86b77fbbd367b2c08591"
  dependencies:
    tslib "^1.7.1"

rxjs@^5.4.3:
  version "5.4.3"
  resolved "https://registry.yarnpkg.com/rxjs/-/rxjs-5.4.3.tgz#0758cddee6033d68e0fd53676f0f3596ce3d483f"
  dependencies:
    symbol-observable "^1.0.1"

symbol-observable@^1.0.1:
  version "1.0.4"
  resolved "https://registry.yarnpkg.com/symbol-observable/-/symbol-observable-1.0.4.tgz#29bf615d4aa7121bdd898b22d4b3f9bc4e2aa03d"

tslib@^1.7.1:
  version "1.7.1"
  resolved "https://registry.yarnpkg.com/tslib/-/tslib-1.7.1.tgz#bc8004164691923a79fe8378bbeb3da2017538ec"
